
Microsoft Visual Studio Solution File, Format Version 12.00
# Visual Studio Version 16
VisualStudioVersion = 16.0.31205.134
MinimumVisualStudioVersion = 10.0.40219.1
Project("{FAE04EC0-301F-11D3-BF4B-00C04F79EFBC}") = "WinAvrFramework", "WinAvrFramework\WinAvrFramework.csproj", "{A75874C6-033B-49E8-9AC3-C570E9C5DA5E}"
EndProject
Global
	GlobalSection(SolutionConfigurationPlatforms) = preSolution
		Debug|Any CPU = Debug|Any CPU
		Release|Any CPU = Release|Any CPU
	EndGlobalSection
	GlobalSection(ProjectConfigurationPlatforms) = postSolution
		{A75874C6-033B-49E8-9AC3-C570E9C5DA5E}.Debug|Any CPU.ActiveCfg = Debug|Any CPU
		{A75874C6-033B-49E8-9AC3-C570E9C5DA5E}.Debug|Any CPU.Build.0 = Debug|Any CPU
		{A75874C6-033B-49E8-9AC3-C570E9C5DA5E}.Release|Any CPU.ActiveCfg = Release|Any CPU
		{A75874C6-033B-49E8-9AC3-C570E9C5DA5E}.Release|Any CPU.Build.0 = Release|Any CPU
	EndGlobalSection
	GlobalSection(SolutionProperties) = preSolution
		HideSolutionNode = FALSE
	EndGlobalSection
	GlobalSection(ExtensibilityGlobals) = postSolution
		SolutionGuid = {1D5C5FCF-0F3A-402A-ACF1-A603073E0BD1}
	EndGlobalSection
EndGlobal
